PODS:
  - Flutter (1.0.0)
  - photo_gallery_gdx_plus (2.3.0):
    - Flutter

DEPENDENCIES:
  - Flutter (from `Flutter`)
  - photo_gallery_gdx_plus (from `.symlinks/plugins/photo_gallery_gdx_plus/ios`)

EXTERNAL SOURCES:
  Flutter:
    :path: Flutter
  photo_gallery_gdx_plus:
    :path: ".symlinks/plugins/photo_gallery_gdx_plus/ios"

SPEC CHECKSUMS:
  Flutter: cabc95a1d2626b1b06e7179b784ebcf0c0cde467
  photo_gallery_gdx_plus: d727bab1cb1b62cb443853d5a9a9a1122b7b86ff

PODFILE CHECKSUM: edebe6e8ef6d1f09fdf52ec8267e044576ae5304

COCOAPODS: 1.16.2
