PODS:
  - Flutter (1.0.0)
  - permission_handler_apple (9.4.8):
    - Flutter
  - photo_gallery_gdx_plus (2.3.1):
    - Flutter
  - video_player_avfoundation (0.0.1):
    - Flutter
    - FlutterMacOS

DEPENDENCIES:
  - Flutter (from `Flutter`)
  - permission_handler_apple (from `.symlinks/plugins/permission_handler_apple/ios`)
  - photo_gallery_gdx_plus (from `.symlinks/plugins/photo_gallery_gdx_plus/ios`)
  - video_player_avfoundation (from `.symlinks/plugins/video_player_avfoundation/darwin`)

EXTERNAL SOURCES:
  Flutter:
    :path: Flutter
  permission_handler_apple:
    :path: ".symlinks/plugins/permission_handler_apple/ios"
  photo_gallery_gdx_plus:
    :path: ".symlinks/plugins/photo_gallery_gdx_plus/ios"
  video_player_avfoundation:
    :path: ".symlinks/plugins/video_player_avfoundation/darwin"

SPEC CHECKSUMS:
  Flutter: cabc95a1d2626b1b06e7179b784ebcf0c0cde467
  permission_handler_apple: 92d754bbaa7361d436db2d6c3c1c2a0fdcec462e
  photo_gallery_gdx_plus: f99b45a695aae6d3d2f5e37990b0193c98867076
  video_player_avfoundation: 3453f792138786248960ca029747fcd9f318ef52

PODFILE CHECKSUM: edebe6e8ef6d1f09fdf52ec8267e044576ae5304

COCOAPODS: 1.16.2
